{
  "name": "devlyn-cli",
  "version": "4.2.1",
  "lockfileVersion": 3,
  "requires": true,
  "packages": {
    "": {
      "name": "devlyn-cli",
      "version": "4.2.1",
      "bundleDependencies": [
        "@inquirer/checkbox",
        "@inquirer/select"
      ],
      "license": "MIT",
      "dependencies": {
        "@inquirer/checkbox": "5.2.6",
        "@inquirer/select": "5.2.6"
      },
      "bin": {
        "devlyn": "bin/devlyn.js"
      },
      "devDependencies": {
        "@xterm/headless": "6.0.0"
      },
      "engines": {
        "node": "^20.17.0 || ^22.13.0 || >=23.5.0"
      }
    },
    "node_modules/@inquirer/ansi": {
      "version": "2.0.9",
      "resolved": "https://registry.npmjs.org/@inquirer/ansi/-/ansi-2.0.9.tgz",
      "integrity": "sha512-0Ywt3S8tqM6TWUcsRlBFQ1x+X3/o8kktX0ZiKAnByYb9GFDknnOhse1PVtfiD2BXPI8ar+BWx9PV9R0lQIcygw==",
      "inBundle": true,
      "license": "MIT",
      "engines": {
        "node": ">=23.5.0 || ^22.13.0 || ^20.17.0"
      }
    },
    "node_modules/@inquirer/checkbox": {
      "version": "5.2.6",
      "resolved": "https://registry.npmjs.org/@inquirer/checkbox/-/checkbox-5.2.6.tgz",
      "integrity": "sha512-XkOardciF3tow2NUlY6/Qjk1QqYa+6WpmVLTpxXl97Uv4erczDEZ+xg1j6LqBf0ekcRSUiICQA4nQXHHkVKQ9w==",
      "inBundle": true,
      "license": "MIT",
      "dependencies": {
        "@inquirer/ansi": "^2.0.9",
        "@inquirer/core": "^12.0.4",
        "@inquirer/figures": "^2.0.9",
        "@inquirer/type": "4.2.0"
      },
      "engines": {
        "node": ">=23.5.0 || ^22.13.0 || ^20.17.0"
      },
      "peerDependencies": {
        "@types/node": ">=18"
      },
      "peerDependenciesMeta": {
        "@types/node": {
          "optional": true
        }
      }
    },
    "node_modules/@inquirer/core": {
      "version": "12.0.4",
      "resolved": "https://registry.npmjs.org/@inquirer/core/-/core-12.0.4.tgz",
      "integrity": "sha512-M5fB67y7jPObI45vhD82RskWwCSm0scOvenV/I6K8tIi2gfr9DXqQqJ+iw+Wi6SgapikdOiJibYzz1gW47fsDg==",
      "inBundle": true,
      "license": "MIT",
      "dependencies": {
        "@inquirer/ansi": "^2.0.9",
        "@inquirer/figures": "^2.0.9",
        "@inquirer/type": "4.2.0",
        "cli-width": "^4.1.0",
        "fast-wrap-ansi": "^0.2.0",
        "mute-stream": "^3.0.0",
        "signal-exit": "^4.1.0"
      },
      "engines": {
        "node": ">=23.5.0 || ^22.13.0 || ^20.17.0"
      },
      "peerDependencies": {
        "@types/node": ">=18"
      },
      "peerDependenciesMeta": {
        "@types/node": {
          "optional": true
        }
      }
    },
    "node_modules/@inquirer/figures": {
      "version": "2.0.9",
      "resolved": "https://registry.npmjs.org/@inquirer/figures/-/figures-2.0.9.tgz",
      "integrity": "sha512-EAWgUTGQ/Umgga51dE3B2PUHbufuXarDfg86uVgoSgNHNNQnyFKcOrQLWVqYMghuSyHh8+2HUH0Js9cTC1WAdg==",
      "inBundle": true,
      "license": "MIT",
      "engines": {
        "node": ">=23.5.0 || ^22.13.0 || ^20.17.0"
      }
    },
    "node_modules/@inquirer/select": {
      "version": "5.2.6",
      "resolved": "https://registry.npmjs.org/@inquirer/select/-/select-5.2.6.tgz",
      "integrity": "sha512-jFu7CFghlr0vpi/326a4wz6BGkJH9X3H/iIu+ahyV2Ja52ktqQE3fC9BYP47JKeSPQYGUv5xquE2Vp9PbepZ3g==",
      "inBundle": true,
      "license": "MIT",
      "dependencies": {
        "@inquirer/ansi": "^2.0.9",
        "@inquirer/core": "^12.0.4",
        "@inquirer/figures": "^2.0.9",
        "@inquirer/type": "4.2.0"
      },
      "engines": {
        "node": ">=23.5.0 || ^22.13.0 || ^20.17.0"
      },
      "peerDependencies": {
        "@types/node": ">=18"
      },
      "peerDependenciesMeta": {
        "@types/node": {
          "optional": true
        }
      }
    },
    "node_modules/@inquirer/type": {
      "version": "4.2.0",
      "resolved": "https://registry.npmjs.org/@inquirer/type/-/type-4.2.0.tgz",
      "integrity": "sha512-2rnHX8RPo4glJYqnFc/v3nQeIhDcjyRRyaT7MGcfL/8xv/8K03SXYoA2tX06WVSKywWOE/ncbG3dtuzLjR5TCQ==",
      "inBundle": true,
      "license": "MIT",
      "engines": {
        "node": ">=23.5.0 || ^22.13.0 || ^20.17.0"
      },
      "peerDependencies": {
        "@types/node": ">=18"
      },
      "peerDependenciesMeta": {
        "@types/node": {
          "optional": true
        }
      }
    },
    "node_modules/@xterm/headless": {
      "version": "6.0.0",
      "resolved": "https://registry.npmjs.org/@xterm/headless/-/headless-6.0.0.tgz",
      "integrity": "sha512-5Yj1QINYCyzrZtf8OFIHi47iQtI+0qYFPHmouEfG8dHNxbZ9Tb9YGSuLcsEwj9Z+OL75GJqPyJbyoFer80a2Hw==",
      "dev": true,
      "license": "MIT",
      "workspaces": [
        "addons/*"
      ]
    },
    "node_modules/cli-width": {
      "version": "4.1.0",
      "resolved": "https://registry.npmjs.org/cli-width/-/cli-width-4.1.0.tgz",
      "integrity": "sha512-ouuZd4/dm2Sw5Gmqy6bGyNNNe1qt9RpmxveLSO7KcgsTnU7RXfsw+/bukWGo1abgBiMAic068rclZsO4IWmmxQ==",
      "inBundle": true,
      "license": "ISC",
      "engines": {
        "node": ">= 12"
      }
    },
    "node_modules/fast-string-truncated-width": {
      "version": "3.0.3",
      "resolved": "https://registry.npmjs.org/fast-string-truncated-width/-/fast-string-truncated-width-3.0.3.tgz",
      "integrity": "sha512-0jjjIEL6+0jag3l2XWWizO64/aZVtpiGE3t0Zgqxv0DPuxiMjvB3M24fCyhZUO4KomJQPj3LTSUnDP3GpdwC0g==",
      "inBundle": true,
      "license": "MIT"
    },
    "node_modules/fast-string-width": {
      "version": "3.0.2",
      "resolved": "https://registry.npmjs.org/fast-string-width/-/fast-string-width-3.0.2.tgz",
      "integrity": "sha512-gX8LrtNEI5hq8DVUfRQMbr5lpaS4nMIWV+7XEbXk2b8kiQIizgnlr12B4dA3ZEx3308ze0O4Q1R+cHts8kyUJg==",
      "inBundle": true,
      "license": "MIT",
      "dependencies": {
        "fast-string-truncated-width": "^3.0.2"
      }
    },
    "node_modules/fast-wrap-ansi": {
      "version": "0.2.2",
      "resolved": "https://registry.npmjs.org/fast-wrap-ansi/-/fast-wrap-ansi-0.2.2.tgz",
      "integrity": "sha512-7F2Fl+TjRSenLqlU3UjSH0iyqopqoZIu7eZVpEirP2g1GtWa2G/ecEmBdgz31+Mxr+ELclgg6sokpSFIQiZ02Q==",
      "inBundle": true,
      "license": "MIT",
      "dependencies": {
        "fast-string-width": "^3.0.2"
      }
    },
    "node_modules/mute-stream": {
      "version": "3.0.0",
      "resolved": "https://registry.npmjs.org/mute-stream/-/mute-stream-3.0.0.tgz",
      "integrity": "sha512-dkEJPVvun4FryqBmZ5KhDo0K9iDXAwn08tMLDinNdRBNPcYEDiWYysLcc6k3mjTMlbP9KyylvRpd4wFtwrT9rw==",
      "inBundle": true,
      "license": "ISC",
      "engines": {
        "node": "^20.17.0 || >=22.9.0"
      }
    },
    "node_modules/signal-exit": {
      "version": "4.1.0",
      "resolved": "https://registry.npmjs.org/signal-exit/-/signal-exit-4.1.0.tgz",
      "integrity": "sha512-bzyZ1e88w9O1iNJbKnOlvYTrWPDl46O1bG0D3XInv+9tkPrxrN8jUUTiFlDkkmKWgn1M6CfIA13SuGqOa9Korw==",
      "inBundle": true,
      "license": "ISC",
      "engines": {
        "node": ">=14"
      },
      "funding": {
        "url": "https://github.com/sponsors/isaacs"
      }
    }
  }
}
